
Microsoft Visual Studio Solution File, Format Version 12.00
# Visual Studio Version 17
VisualStudioVersion = 17.2.32630.192
MinimumVisualStudioVersion = 10.0.40219.1
Project("{9A19103F-16F7-4668-BE54-9A1E7A4F7556}") = "R5T.L0069", "R5T.L0069\R5T.L0069.csproj", "{11202661-A94C-451E-A6FE-99E0CA087AF9}"
EndProject
Project("{9A19103F-16F7-4668-BE54-9A1E7A4F7556}") = "R5T.L0069.T000", "R5T.L0069.T000\R5T.L0069.T000.csproj", "{6080025B-F6C1-4A2C-8E88-677908B32C68}"
EndProject
Project("{2150E333-8FDC-42A3-9474-1A3956D46DE8}") = "_Dependencies", "_Dependencies", "{8A12037A-D20A-4B3F-9AAF-DFBD4884E2F0}"
EndProject
Project("{9A19103F-16F7-4668-BE54-9A1E7A4F7556}") = "R5T.F0000", "..\..\R5T.F0000\source\R5T.F0000\R5T.F0000.csproj", "{2A932CCE-FF11-455D-B97D-C9724C8047D2}"
EndProject
Project("{9A19103F-16F7-4668-BE54-9A1E7A4F7556}") = "R5T.F0002", "..\..\R5T.F0002\source\R5T.F0002\R5T.F0002.csproj", "{74C4062E-31A1-47B5-A71C-52465C76852C}"
EndProject
Project("{9A19103F-16F7-4668-BE54-9A1E7A4F7556}") = "R5T.F0059", "..\..\R5T.F0059\source\R5T.F0059\R5T.F0059.csproj", "{8BF81F6F-5546-47AD-BA6E-ABE60D150E00}"
EndProject
Project("{9A19103F-16F7-4668-BE54-9A1E7A4F7556}") = "R5T.F0120", "..\..\R5T.F0120\source\R5T.F0120\R5T.F0120.csproj", "{EC637A41-12CD-41F2-9818-9AAF60CCB13E}"
EndProject
Project("{9A19103F-16F7-4668-BE54-9A1E7A4F7556}") = "R5T.F0124", "..\..\R5T.F0124\source\R5T.F0124\R5T.F0124.csproj", "{72CA7E0E-83FE-448D-BA13-CD1AFE1258DE}"
EndProject
Project("{9A19103F-16F7-4668-BE54-9A1E7A4F7556}") = "R5T.F0125", "..\..\R5T.F0125\source\R5T.F0125\R5T.F0125.csproj", "{E43C5BCB-D0DB-4A4F-B1FD-F0839D1EAA39}"
EndProject
Project("{9A19103F-16F7-4668-BE54-9A1E7A4F7556}") = "R5T.L0030.T000", "..\..\R5T.L0030\source\R5T.L0030.T000\R5T.L0030.T000.csproj", "{D92AE5AC-405C-485F-B6F4-6BB7F82DE64E}"
EndProject
Project("{9A19103F-16F7-4668-BE54-9A1E7A4F7556}") = "R5T.L0030", "..\..\R5T.L0030\source\R5T.L0030\R5T.L0030.csproj", "{2B90CD4E-851A-4B04-8A13-72A5208E64AD}"
EndProject
Project("{9A19103F-16F7-4668-BE54-9A1E7A4F7556}") = "R5T.L0034", "..\..\R5T.L0034\source\R5T.L0034\R5T.L0034.csproj", "{B78577D3-2764-4417-B9BA-A8B794B77AF2}"
EndProject
Project("{9A19103F-16F7-4668-BE54-9A1E7A4F7556}") = "R5T.L0035", "..\..\R5T.L0035\source\R5T.L0035\R5T.L0035.csproj", "{E86414FF-553E-4F2C-B266-4B0BA19E6DF2}"
EndProject
Project("{9A19103F-16F7-4668-BE54-9A1E7A4F7556}") = "R5T.L0053", "..\..\R5T.L0053\source\R5T.L0053\R5T.L0053.csproj", "{F05F8339-DEFE-4F1D-AEFD-8636D1C6845C}"
EndProject
Project("{9A19103F-16F7-4668-BE54-9A1E7A4F7556}") = "R5T.L0056", "..\..\R5T.L0056\source\R5T.L0056\R5T.L0056.csproj", "{4C1C47AA-74F2-4C65-A69A-DE46A6CFE3BB}"
EndProject
Project("{9A19103F-16F7-4668-BE54-9A1E7A4F7556}") = "R5T.L0066", "..\..\R5T.L0066\source\R5T.L0066\R5T.L0066.csproj", "{F55396D7-B77A-481C-A777-F2E9DFEA9874}"
EndProject
Project("{9A19103F-16F7-4668-BE54-9A1E7A4F7556}") = "R5T.NG0006", "..\..\R5T.NG0006\source\R5T.NG0006\R5T.NG0006.csproj", "{FBD2E5A6-90CC-4E8F-892D-9DA6F3402881}"
EndProject
Project("{9A19103F-16F7-4668-BE54-9A1E7A4F7556}") = "R5T.NG0022", "..\..\R5T.NG0022\source\R5T.NG0022\R5T.NG0022.csproj", "{8C8890DC-A07B-4A8B-9221-88D2469DE609}"
EndProject
Project("{9A19103F-16F7-4668-BE54-9A1E7A4F7556}") = "R5T.T0131", "..\..\R5T.T0131\source\R5T.T0131\R5T.T0131.csproj", "{BE89BB16-4260-4897-8C49-C334296C27E8}"
EndProject
Project("{9A19103F-16F7-4668-BE54-9A1E7A4F7556}") = "R5T.T0132", "..\..\R5T.T0132\source\R5T.T0132\R5T.T0132.csproj", "{15AD14A1-D493-434B-9649-065E3F02C821}"
EndProject
Project("{9A19103F-16F7-4668-BE54-9A1E7A4F7556}") = "R5T.T0142", "..\..\R5T.T0142\source\R5T.T0142\R5T.T0142.csproj", "{060E49D5-9732-48F7-936C-4A051B451C54}"
EndProject
Project("{9A19103F-16F7-4668-BE54-9A1E7A4F7556}") = "R5T.T0143", "..\..\R5T.T0143\source\R5T.T0143\R5T.T0143.csproj", "{0940428D-8D86-4A60-BE4B-0DFA5EFF4F64}"
EndProject
Project("{9A19103F-16F7-4668-BE54-9A1E7A4F7556}") = "R5T.T0150", "..\..\R5T.T0150\source\R5T.T0150\R5T.T0150.csproj", "{488B569D-FA38-45D9-9758-1279ED6A38F8}"
EndProject
Project("{9A19103F-16F7-4668-BE54-9A1E7A4F7556}") = "R5T.T0151", "..\..\R5T.T0151\source\R5T.T0151\R5T.T0151.csproj", "{168A1AB3-75E0-467C-83FD-D237AB6F0B1A}"
EndProject
Project("{9A19103F-16F7-4668-BE54-9A1E7A4F7556}") = "R5T.T0156", "..\..\R5T.T0156\source\R5T.T0156\R5T.T0156.csproj", "{DCD3476C-8D8E-4ECF-A0D1-32AAEEDFC57F}"
EndProject
Project("{9A19103F-16F7-4668-BE54-9A1E7A4F7556}") = "R5T.T0158", "..\..\R5T.T0158\source\R5T.T0158\R5T.T0158.csproj", "{188AA0B5-C71E-4E43-B131-B754D825EABB}"
EndProject
Project("{9A19103F-16F7-4668-BE54-9A1E7A4F7556}") = "R5T.T0159", "..\..\R5T.T0159\source\R5T.T0159\R5T.T0159.csproj", "{E434A8E1-D3C8-48B4-8F88-9A19DC267664}"
EndProject
Project("{9A19103F-16F7-4668-BE54-9A1E7A4F7556}") = "R5T.T0172", "..\..\R5T.T0172\source\R5T.T0172\R5T.T0172.csproj", "{4697020C-43F6-4392-8C92-07D06DFBA068}"
EndProject
Project("{9A19103F-16F7-4668-BE54-9A1E7A4F7556}") = "R5T.T0174", "..\..\R5T.T0174\source\R5T.T0174\R5T.T0174.csproj", "{6171B9BC-3653-464E-9B35-7FD36B45B352}"
EndProject
Project("{9A19103F-16F7-4668-BE54-9A1E7A4F7556}") = "R5T.T0176", "..\..\R5T.T0176\source\R5T.T0176\R5T.T0176.csproj", "{3B88805C-EABB-4532-BB9A-54314897EB45}"
EndProject
Project("{9A19103F-16F7-4668-BE54-9A1E7A4F7556}") = "R5T.T0177", "..\..\R5T.T0177\source\R5T.T0177\R5T.T0177.csproj", "{01744249-D44F-47AC-AF7B-C4D0AAA519EC}"
EndProject
Project("{9A19103F-16F7-4668-BE54-9A1E7A4F7556}") = "R5T.T0178", "..\..\R5T.T0178\source\R5T.T0178\R5T.T0178.csproj", "{385A8E15-5B04-4BB3-8D73-2866BA3EB6B8}"
EndProject
Project("{9A19103F-16F7-4668-BE54-9A1E7A4F7556}") = "R5T.T0179", "..\..\R5T.T0179\source\R5T.T0179\R5T.T0179.csproj", "{8EAA1E13-E9EE-49C3-9AEF-4E04738ECBF1}"
EndProject
Project("{9A19103F-16F7-4668-BE54-9A1E7A4F7556}") = "R5T.T0180", "..\..\R5T.T0180\source\R5T.T0180\R5T.T0180.csproj", "{3DE4646B-7DAB-4629-AB12-D12F00BEE3FB}"
EndProject
Project("{9A19103F-16F7-4668-BE54-9A1E7A4F7556}") = "R5T.T0181", "..\..\R5T.T0181\source\R5T.T0181\R5T.T0181.csproj", "{F82A0444-650F-41CE-A8BA-19303A26D6CA}"
EndProject
Project("{9A19103F-16F7-4668-BE54-9A1E7A4F7556}") = "R5T.T0185", "..\..\R5T.T0185\source\R5T.T0185\R5T.T0185.csproj", "{2CEB6D99-D49D-45B7-B913-0C85DE400CF4}"
EndProject
Project("{9A19103F-16F7-4668-BE54-9A1E7A4F7556}") = "R5T.T0199", "..\..\R5T.T0199\source\R5T.T0199\R5T.T0199.csproj", "{89486B2D-17A5-4587-A13C-95DE167ABBA4}"
EndProject
Project("{9A19103F-16F7-4668-BE54-9A1E7A4F7556}") = "R5T.T0203", "..\..\R5T.T0203\source\R5T.T0203\R5T.T0203.csproj", "{EF0B2623-C579-43A0-AABD-A8C178746A8E}"
EndProject
Project("{9A19103F-16F7-4668-BE54-9A1E7A4F7556}") = "R5T.T0213", "..\..\R5T.T0213\source\R5T.T0213\R5T.T0213.csproj", "{EEA87237-96F8-439B-8DE8-FBC2442B4694}"
EndProject
Project("{9A19103F-16F7-4668-BE54-9A1E7A4F7556}") = "R5T.T0220", "..\..\R5T.T0220\source\R5T.T0220\R5T.T0220.csproj", "{0B11E219-FF3B-4399-AE22-DC20893369E5}"
EndProject
Project("{9A19103F-16F7-4668-BE54-9A1E7A4F7556}") = "R5T.T0221", "..\..\R5T.T0221\source\R5T.T0221\R5T.T0221.csproj", "{2C4B8578-E8E6-44D6-B27C-0D3A8F91DC54}"
EndProject
Project("{9A19103F-16F7-4668-BE54-9A1E7A4F7556}") = "R5T.T0227", "..\..\R5T.T0227\source\R5T.T0227\R5T.T0227.csproj", "{8F0E4938-6AB6-47E6-B980-379AE609356E}"
EndProject
Project("{9A19103F-16F7-4668-BE54-9A1E7A4F7556}") = "R5T.Y0000", "..\..\R5T.Y0000\source\R5T.Y0000\R5T.Y0000.csproj", "{2B7209B0-BCCC-4EBC-84FB-A0B498B7C9C4}"
EndProject
Project("{9A19103F-16F7-4668-BE54-9A1E7A4F7556}") = "R5T.Z0000", "..\..\R5T.Z0000\source\R5T.Z0000\R5T.Z0000.csproj", "{1FED7BD4-3ABD-4C5C-B671-E3C841FA1BF9}"
EndProject
Project("{9A19103F-16F7-4668-BE54-9A1E7A4F7556}") = "R5T.Z0010.Platform", "..\..\R5T.Z0010\source\R5T.Z0010.Platform\R5T.Z0010.Platform.csproj", "{0F47B7C6-E422-469E-BF19-BBE9D85862AE}"
EndProject
Project("{9A19103F-16F7-4668-BE54-9A1E7A4F7556}") = "R5T.Z0010", "..\..\R5T.Z0010\source\R5T.Z0010\R5T.Z0010.csproj", "{7226C21D-34C0-4629-B88F-F219AB139F0A}"
EndProject
Project("{9A19103F-16F7-4668-BE54-9A1E7A4F7556}") = "R5T.L0069.T001", "R5T.L0069.T001\R5T.L0069.T001.csproj", "{E88BAB1A-5804-46A8-AF71-345BF2BCECEE}"
EndProject
Project("{9A19103F-16F7-4668-BE54-9A1E7A4F7556}") = "R5T.T0218", "..\..\R5T.T0218\source\R5T.T0218\R5T.T0218.csproj", "{3932454C-BD25-4C25-BD78-AA3D6C5E05D5}"
EndProject
Global
	GlobalSection(NestedProjects) = preSolution
		{2A932CCE-FF11-455D-B97D-C9724C8047D2} = {8A12037A-D20A-4B3F-9AAF-DFBD4884E2F0}
		{74C4062E-31A1-47B5-A71C-52465C76852C} = {8A12037A-D20A-4B3F-9AAF-DFBD4884E2F0}
		{8BF81F6F-5546-47AD-BA6E-ABE60D150E00} = {8A12037A-D20A-4B3F-9AAF-DFBD4884E2F0}
		{EC637A41-12CD-41F2-9818-9AAF60CCB13E} = {8A12037A-D20A-4B3F-9AAF-DFBD4884E2F0}
		{72CA7E0E-83FE-448D-BA13-CD1AFE1258DE} = {8A12037A-D20A-4B3F-9AAF-DFBD4884E2F0}
		{E43C5BCB-D0DB-4A4F-B1FD-F0839D1EAA39} = {8A12037A-D20A-4B3F-9AAF-DFBD4884E2F0}
		{D92AE5AC-405C-485F-B6F4-6BB7F82DE64E} = {8A12037A-D20A-4B3F-9AAF-DFBD4884E2F0}
		{2B90CD4E-851A-4B04-8A13-72A5208E64AD} = {8A12037A-D20A-4B3F-9AAF-DFBD4884E2F0}
		{B78577D3-2764-4417-B9BA-A8B794B77AF2} = {8A12037A-D20A-4B3F-9AAF-DFBD4884E2F0}
		{E86414FF-553E-4F2C-B266-4B0BA19E6DF2} = {8A12037A-D20A-4B3F-9AAF-DFBD4884E2F0}
		{F05F8339-DEFE-4F1D-AEFD-8636D1C6845C} = {8A12037A-D20A-4B3F-9AAF-DFBD4884E2F0}
		{4C1C47AA-74F2-4C65-A69A-DE46A6CFE3BB} = {8A12037A-D20A-4B3F-9AAF-DFBD4884E2F0}
		{F55396D7-B77A-481C-A777-F2E9DFEA9874} = {8A12037A-D20A-4B3F-9AAF-DFBD4884E2F0}
		{FBD2E5A6-90CC-4E8F-892D-9DA6F3402881} = {8A12037A-D20A-4B3F-9AAF-DFBD4884E2F0}
		{8C8890DC-A07B-4A8B-9221-88D2469DE609} = {8A12037A-D20A-4B3F-9AAF-DFBD4884E2F0}
		{BE89BB16-4260-4897-8C49-C334296C27E8} = {8A12037A-D20A-4B3F-9AAF-DFBD4884E2F0}
		{15AD14A1-D493-434B-9649-065E3F02C821} = {8A12037A-D20A-4B3F-9AAF-DFBD4884E2F0}
		{060E49D5-9732-48F7-936C-4A051B451C54} = {8A12037A-D20A-4B3F-9AAF-DFBD4884E2F0}
		{0940428D-8D86-4A60-BE4B-0DFA5EFF4F64} = {8A12037A-D20A-4B3F-9AAF-DFBD4884E2F0}
		{488B569D-FA38-45D9-9758-1279ED6A38F8} = {8A12037A-D20A-4B3F-9AAF-DFBD4884E2F0}
		{168A1AB3-75E0-467C-83FD-D237AB6F0B1A} = {8A12037A-D20A-4B3F-9AAF-DFBD4884E2F0}
		{DCD3476C-8D8E-4ECF-A0D1-32AAEEDFC57F} = {8A12037A-D20A-4B3F-9AAF-DFBD4884E2F0}
		{188AA0B5-C71E-4E43-B131-B754D825EABB} = {8A12037A-D20A-4B3F-9AAF-DFBD4884E2F0}
		{E434A8E1-D3C8-48B4-8F88-9A19DC267664} = {8A12037A-D20A-4B3F-9AAF-DFBD4884E2F0}
		{4697020C-43F6-4392-8C92-07D06DFBA068} = {8A12037A-D20A-4B3F-9AAF-DFBD4884E2F0}
		{6171B9BC-3653-464E-9B35-7FD36B45B352} = {8A12037A-D20A-4B3F-9AAF-DFBD4884E2F0}
		{3B88805C-EABB-4532-BB9A-54314897EB45} = {8A12037A-D20A-4B3F-9AAF-DFBD4884E2F0}
		{01744249-D44F-47AC-AF7B-C4D0AAA519EC} = {8A12037A-D20A-4B3F-9AAF-DFBD4884E2F0}
		{385A8E15-5B04-4BB3-8D73-2866BA3EB6B8} = {8A12037A-D20A-4B3F-9AAF-DFBD4884E2F0}
		{8EAA1E13-E9EE-49C3-9AEF-4E04738ECBF1} = {8A12037A-D20A-4B3F-9AAF-DFBD4884E2F0}
		{3DE4646B-7DAB-4629-AB12-D12F00BEE3FB} = {8A12037A-D20A-4B3F-9AAF-DFBD4884E2F0}
		{F82A0444-650F-41CE-A8BA-19303A26D6CA} = {8A12037A-D20A-4B3F-9AAF-DFBD4884E2F0}
		{2CEB6D99-D49D-45B7-B913-0C85DE400CF4} = {8A12037A-D20A-4B3F-9AAF-DFBD4884E2F0}
		{89486B2D-17A5-4587-A13C-95DE167ABBA4} = {8A12037A-D20A-4B3F-9AAF-DFBD4884E2F0}
		{EF0B2623-C579-43A0-AABD-A8C178746A8E} = {8A12037A-D20A-4B3F-9AAF-DFBD4884E2F0}
		{EEA87237-96F8-439B-8DE8-FBC2442B4694} = {8A12037A-D20A-4B3F-9AAF-DFBD4884E2F0}
		{0B11E219-FF3B-4399-AE22-DC20893369E5} = {8A12037A-D20A-4B3F-9AAF-DFBD4884E2F0}
		{2C4B8578-E8E6-44D6-B27C-0D3A8F91DC54} = {8A12037A-D20A-4B3F-9AAF-DFBD4884E2F0}
		{8F0E4938-6AB6-47E6-B980-379AE609356E} = {8A12037A-D20A-4B3F-9AAF-DFBD4884E2F0}
		{2B7209B0-BCCC-4EBC-84FB-A0B498B7C9C4} = {8A12037A-D20A-4B3F-9AAF-DFBD4884E2F0}
		{1FED7BD4-3ABD-4C5C-B671-E3C841FA1BF9} = {8A12037A-D20A-4B3F-9AAF-DFBD4884E2F0}
		{0F47B7C6-E422-469E-BF19-BBE9D85862AE} = {8A12037A-D20A-4B3F-9AAF-DFBD4884E2F0}
		{7226C21D-34C0-4629-B88F-F219AB139F0A} = {8A12037A-D20A-4B3F-9AAF-DFBD4884E2F0}
		{3932454C-BD25-4C25-BD78-AA3D6C5E05D5} = {8A12037A-D20A-4B3F-9AAF-DFBD4884E2F0}
	EndGlobalSection
	GlobalSection(SolutionConfigurationPlatforms) = preSolution
		Debug|Any CPU = Debug|Any CPU
		Release|Any CPU = Release|Any CPU
	EndGlobalSection
	GlobalSection(ProjectConfigurationPlatforms) = postSolution
		{11202661-A94C-451E-A6FE-99E0CA087AF9}.Debug|Any CPU.ActiveCfg = Debug|Any CPU
		{11202661-A94C-451E-A6FE-99E0CA087AF9}.Debug|Any CPU.Build.0 = Debug|Any CPU
		{11202661-A94C-451E-A6FE-99E0CA087AF9}.Release|Any CPU.ActiveCfg = Release|Any CPU
		{11202661-A94C-451E-A6FE-99E0CA087AF9}.Release|Any CPU.Build.0 = Release|Any CPU
		{6080025B-F6C1-4A2C-8E88-677908B32C68}.Debug|Any CPU.ActiveCfg = Debug|Any CPU
		{6080025B-F6C1-4A2C-8E88-677908B32C68}.Debug|Any CPU.Build.0 = Debug|Any CPU
		{6080025B-F6C1-4A2C-8E88-677908B32C68}.Release|Any CPU.ActiveCfg = Release|Any CPU
		{6080025B-F6C1-4A2C-8E88-677908B32C68}.Release|Any CPU.Build.0 = Release|Any CPU
		{2A932CCE-FF11-455D-B97D-C9724C8047D2}.Debug|Any CPU.ActiveCfg = Debug|Any CPU
		{2A932CCE-FF11-455D-B97D-C9724C8047D2}.Debug|Any CPU.Build.0 = Debug|Any CPU
		{2A932CCE-FF11-455D-B97D-C9724C8047D2}.Release|Any CPU.ActiveCfg = Release|Any CPU
		{2A932CCE-FF11-455D-B97D-C9724C8047D2}.Release|Any CPU.Build.0 = Release|Any CPU
		{74C4062E-31A1-47B5-A71C-52465C76852C}.Debug|Any CPU.ActiveCfg = Debug|Any CPU
		{74C4062E-31A1-47B5-A71C-52465C76852C}.Debug|Any CPU.Build.0 = Debug|Any CPU
		{74C4062E-31A1-47B5-A71C-52465C76852C}.Release|Any CPU.ActiveCfg = Release|Any CPU
		{74C4062E-31A1-47B5-A71C-52465C76852C}.Release|Any CPU.Build.0 = Release|Any CPU
		{8BF81F6F-5546-47AD-BA6E-ABE60D150E00}.Debug|Any CPU.ActiveCfg = Debug|Any CPU
		{8BF81F6F-5546-47AD-BA6E-ABE60D150E00}.Debug|Any CPU.Build.0 = Debug|Any CPU
		{8BF81F6F-5546-47AD-BA6E-ABE60D150E00}.Release|Any CPU.ActiveCfg = Release|Any CPU
		{8BF81F6F-5546-47AD-BA6E-ABE60D150E00}.Release|Any CPU.Build.0 = Release|Any CPU
		{EC637A41-12CD-41F2-9818-9AAF60CCB13E}.Debug|Any CPU.ActiveCfg = Debug|Any CPU
		{EC637A41-12CD-41F2-9818-9AAF60CCB13E}.Debug|Any CPU.Build.0 = Debug|Any CPU
		{EC637A41-12CD-41F2-9818-9AAF60CCB13E}.Release|Any CPU.ActiveCfg = Release|Any CPU
		{EC637A41-12CD-41F2-9818-9AAF60CCB13E}.Release|Any CPU.Build.0 = Release|Any CPU
		{72CA7E0E-83FE-448D-BA13-CD1AFE1258DE}.Debug|Any CPU.ActiveCfg = Debug|Any CPU
		{72CA7E0E-83FE-448D-BA13-CD1AFE1258DE}.Debug|Any CPU.Build.0 = Debug|Any CPU
		{72CA7E0E-83FE-448D-BA13-CD1AFE1258DE}.Release|Any CPU.ActiveCfg = Release|Any CPU
		{72CA7E0E-83FE-448D-BA13-CD1AFE1258DE}.Release|Any CPU.Build.0 = Release|Any CPU
		{E43C5BCB-D0DB-4A4F-B1FD-F0839D1EAA39}.Debug|Any CPU.ActiveCfg = Debug|Any CPU
		{E43C5BCB-D0DB-4A4F-B1FD-F0839D1EAA39}.Debug|Any CPU.Build.0 = Debug|Any CPU
		{E43C5BCB-D0DB-4A4F-B1FD-F0839D1EAA39}.Release|Any CPU.ActiveCfg = Release|Any CPU
		{E43C5BCB-D0DB-4A4F-B1FD-F0839D1EAA39}.Release|Any CPU.Build.0 = Release|Any CPU
		{D92AE5AC-405C-485F-B6F4-6BB7F82DE64E}.Debug|Any CPU.ActiveCfg = Debug|Any CPU
		{D92AE5AC-405C-485F-B6F4-6BB7F82DE64E}.Debug|Any CPU.Build.0 = Debug|Any CPU
		{D92AE5AC-405C-485F-B6F4-6BB7F82DE64E}.Release|Any CPU.ActiveCfg = Release|Any CPU
		{D92AE5AC-405C-485F-B6F4-6BB7F82DE64E}.Release|Any CPU.Build.0 = Release|Any CPU
		{2B90CD4E-851A-4B04-8A13-72A5208E64AD}.Debug|Any CPU.ActiveCfg = Debug|Any CPU
		{2B90CD4E-851A-4B04-8A13-72A5208E64AD}.Debug|Any CPU.Build.0 = Debug|Any CPU
		{2B90CD4E-851A-4B04-8A13-72A5208E64AD}.Release|Any CPU.ActiveCfg = Release|Any CPU
		{2B90CD4E-851A-4B04-8A13-72A5208E64AD}.Release|Any CPU.Build.0 = Release|Any CPU
		{B78577D3-2764-4417-B9BA-A8B794B77AF2}.Debug|Any CPU.ActiveCfg = Debug|Any CPU
		{B78577D3-2764-4417-B9BA-A8B794B77AF2}.Debug|Any CPU.Build.0 = Debug|Any CPU
		{B78577D3-2764-4417-B9BA-A8B794B77AF2}.Release|Any CPU.ActiveCfg = Release|Any CPU
		{B78577D3-2764-4417-B9BA-A8B794B77AF2}.Release|Any CPU.Build.0 = Release|Any CPU
		{E86414FF-553E-4F2C-B266-4B0BA19E6DF2}.Debug|Any CPU.ActiveCfg = Debug|Any CPU
		{E86414FF-553E-4F2C-B266-4B0BA19E6DF2}.Debug|Any CPU.Build.0 = Debug|Any CPU
		{E86414FF-553E-4F2C-B266-4B0BA19E6DF2}.Release|Any CPU.ActiveCfg = Release|Any CPU
		{E86414FF-553E-4F2C-B266-4B0BA19E6DF2}.Release|Any CPU.Build.0 = Release|Any CPU
		{F05F8339-DEFE-4F1D-AEFD-8636D1C6845C}.Debug|Any CPU.ActiveCfg = Debug|Any CPU
		{F05F8339-DEFE-4F1D-AEFD-8636D1C6845C}.Debug|Any CPU.Build.0 = Debug|Any CPU
		{F05F8339-DEFE-4F1D-AEFD-8636D1C6845C}.Release|Any CPU.ActiveCfg = Release|Any CPU
		{F05F8339-DEFE-4F1D-AEFD-8636D1C6845C}.Release|Any CPU.Build.0 = Release|Any CPU
		{4C1C47AA-74F2-4C65-A69A-DE46A6CFE3BB}.Debug|Any CPU.ActiveCfg = Debug|Any CPU
		{4C1C47AA-74F2-4C65-A69A-DE46A6CFE3BB}.Debug|Any CPU.Build.0 = Debug|Any CPU
		{4C1C47AA-74F2-4C65-A69A-DE46A6CFE3BB}.Release|Any CPU.ActiveCfg = Release|Any CPU
		{4C1C47AA-74F2-4C65-A69A-DE46A6CFE3BB}.Release|Any CPU.Build.0 = Release|Any CPU
		{F55396D7-B77A-481C-A777-F2E9DFEA9874}.Debug|Any CPU.ActiveCfg = Debug|Any CPU
		{F55396D7-B77A-481C-A777-F2E9DFEA9874}.Debug|Any CPU.Build.0 = Debug|Any CPU
		{F55396D7-B77A-481C-A777-F2E9DFEA9874}.Release|Any CPU.ActiveCfg = Release|Any CPU
		{F55396D7-B77A-481C-A777-F2E9DFEA9874}.Release|Any CPU.Build.0 = Release|Any CPU
		{FBD2E5A6-90CC-4E8F-892D-9DA6F3402881}.Debug|Any CPU.ActiveCfg = Debug|Any CPU
		{FBD2E5A6-90CC-4E8F-892D-9DA6F3402881}.Debug|Any CPU.Build.0 = Debug|Any CPU
		{FBD2E5A6-90CC-4E8F-892D-9DA6F3402881}.Release|Any CPU.ActiveCfg = Release|Any CPU
		{FBD2E5A6-90CC-4E8F-892D-9DA6F3402881}.Release|Any CPU.Build.0 = Release|Any CPU
		{8C8890DC-A07B-4A8B-9221-88D2469DE609}.Debug|Any CPU.ActiveCfg = Debug|Any CPU
		{8C8890DC-A07B-4A8B-9221-88D2469DE609}.Debug|Any CPU.Build.0 = Debug|Any CPU
		{8C8890DC-A07B-4A8B-9221-88D2469DE609}.Release|Any CPU.ActiveCfg = Release|Any CPU
		{8C8890DC-A07B-4A8B-9221-88D2469DE609}.Release|Any CPU.Build.0 = Release|Any CPU
		{BE89BB16-4260-4897-8C49-C334296C27E8}.Debug|Any CPU.ActiveCfg = Debug|Any CPU
		{BE89BB16-4260-4897-8C49-C334296C27E8}.Debug|Any CPU.Build.0 = Debug|Any CPU
		{BE89BB16-4260-4897-8C49-C334296C27E8}.Release|Any CPU.ActiveCfg = Release|Any CPU
		{BE89BB16-4260-4897-8C49-C334296C27E8}.Release|Any CPU.Build.0 = Release|Any CPU
		{15AD14A1-D493-434B-9649-065E3F02C821}.Debug|Any CPU.ActiveCfg = Debug|Any CPU
		{15AD14A1-D493-434B-9649-065E3F02C821}.Debug|Any CPU.Build.0 = Debug|Any CPU
		{15AD14A1-D493-434B-9649-065E3F02C821}.Release|Any CPU.ActiveCfg = Release|Any CPU
		{15AD14A1-D493-434B-9649-065E3F02C821}.Release|Any CPU.Build.0 = Release|Any CPU
		{060E49D5-9732-48F7-936C-4A051B451C54}.Debug|Any CPU.ActiveCfg = Debug|Any CPU
		{060E49D5-9732-48F7-936C-4A051B451C54}.Debug|Any CPU.Build.0 = Debug|Any CPU
		{060E49D5-9732-48F7-936C-4A051B451C54}.Release|Any CPU.ActiveCfg = Release|Any CPU
		{060E49D5-9732-48F7-936C-4A051B451C54}.Release|Any CPU.Build.0 = Release|Any CPU
		{0940428D-8D86-4A60-BE4B-0DFA5EFF4F64}.Debug|Any CPU.ActiveCfg = Debug|Any CPU
		{0940428D-8D86-4A60-BE4B-0DFA5EFF4F64}.Debug|Any CPU.Build.0 = Debug|Any CPU
		{0940428D-8D86-4A60-BE4B-0DFA5EFF4F64}.Release|Any CPU.ActiveCfg = Release|Any CPU
		{0940428D-8D86-4A60-BE4B-0DFA5EFF4F64}.Release|Any CPU.Build.0 = Release|Any CPU
		{488B569D-FA38-45D9-9758-1279ED6A38F8}.Debug|Any CPU.ActiveCfg = Debug|Any CPU
		{488B569D-FA38-45D9-9758-1279ED6A38F8}.Debug|Any CPU.Build.0 = Debug|Any CPU
		{488B569D-FA38-45D9-9758-1279ED6A38F8}.Release|Any CPU.ActiveCfg = Release|Any CPU
		{488B569D-FA38-45D9-9758-1279ED6A38F8}.Release|Any CPU.Build.0 = Release|Any CPU
		{168A1AB3-75E0-467C-83FD-D237AB6F0B1A}.Debug|Any CPU.ActiveCfg = Debug|Any CPU
		{168A1AB3-75E0-467C-83FD-D237AB6F0B1A}.Debug|Any CPU.Build.0 = Debug|Any CPU
		{168A1AB3-75E0-467C-83FD-D237AB6F0B1A}.Release|Any CPU.ActiveCfg = Release|Any CPU
		{168A1AB3-75E0-467C-83FD-D237AB6F0B1A}.Release|Any CPU.Build.0 = Release|Any CPU
		{DCD3476C-8D8E-4ECF-A0D1-32AAEEDFC57F}.Debug|Any CPU.ActiveCfg = Debug|Any CPU
		{DCD3476C-8D8E-4ECF-A0D1-32AAEEDFC57F}.Debug|Any CPU.Build.0 = Debug|Any CPU
		{DCD3476C-8D8E-4ECF-A0D1-32AAEEDFC57F}.Release|Any CPU.ActiveCfg = Release|Any CPU
		{DCD3476C-8D8E-4ECF-A0D1-32AAEEDFC57F}.Release|Any CPU.Build.0 = Release|Any CPU
		{188AA0B5-C71E-4E43-B131-B754D825EABB}.Debug|Any CPU.ActiveCfg = Debug|Any CPU
		{188AA0B5-C71E-4E43-B131-B754D825EABB}.Debug|Any CPU.Build.0 = Debug|Any CPU
		{188AA0B5-C71E-4E43-B131-B754D825EABB}.Release|Any CPU.ActiveCfg = Release|Any CPU
		{188AA0B5-C71E-4E43-B131-B754D825EABB}.Release|Any CPU.Build.0 = Release|Any CPU
		{E434A8E1-D3C8-48B4-8F88-9A19DC267664}.Debug|Any CPU.ActiveCfg = Debug|Any CPU
		{E434A8E1-D3C8-48B4-8F88-9A19DC267664}.Debug|Any CPU.Build.0 = Debug|Any CPU
		{E434A8E1-D3C8-48B4-8F88-9A19DC267664}.Release|Any CPU.ActiveCfg = Release|Any CPU
		{E434A8E1-D3C8-48B4-8F88-9A19DC267664}.Release|Any CPU.Build.0 = Release|Any CPU
		{4697020C-43F6-4392-8C92-07D06DFBA068}.Debug|Any CPU.ActiveCfg = Debug|Any CPU
		{4697020C-43F6-4392-8C92-07D06DFBA068}.Debug|Any CPU.Build.0 = Debug|Any CPU
		{4697020C-43F6-4392-8C92-07D06DFBA068}.Release|Any CPU.ActiveCfg = Release|Any CPU
		{4697020C-43F6-4392-8C92-07D06DFBA068}.Release|Any CPU.Build.0 = Release|Any CPU
		{6171B9BC-3653-464E-9B35-7FD36B45B352}.Debug|Any CPU.ActiveCfg = Debug|Any CPU
		{6171B9BC-3653-464E-9B35-7FD36B45B352}.Debug|Any CPU.Build.0 = Debug|Any CPU
		{6171B9BC-3653-464E-9B35-7FD36B45B352}.Release|Any CPU.ActiveCfg = Release|Any CPU
		{6171B9BC-3653-464E-9B35-7FD36B45B352}.Release|Any CPU.Build.0 = Release|Any CPU
		{3B88805C-EABB-4532-BB9A-54314897EB45}.Debug|Any CPU.ActiveCfg = Debug|Any CPU
		{3B88805C-EABB-4532-BB9A-54314897EB45}.Debug|Any CPU.Build.0 = Debug|Any CPU
		{3B88805C-EABB-4532-BB9A-54314897EB45}.Release|Any CPU.ActiveCfg = Release|Any CPU
		{3B88805C-EABB-4532-BB9A-54314897EB45}.Release|Any CPU.Build.0 = Release|Any CPU
		{01744249-D44F-47AC-AF7B-C4D0AAA519EC}.Debug|Any CPU.ActiveCfg = Debug|Any CPU
		{01744249-D44F-47AC-AF7B-C4D0AAA519EC}.Debug|Any CPU.Build.0 = Debug|Any CPU
		{01744249-D44F-47AC-AF7B-C4D0AAA519EC}.Release|Any CPU.ActiveCfg = Release|Any CPU
		{01744249-D44F-47AC-AF7B-C4D0AAA519EC}.Release|Any CPU.Build.0 = Release|Any CPU
		{385A8E15-5B04-4BB3-8D73-2866BA3EB6B8}.Debug|Any CPU.ActiveCfg = Debug|Any CPU
		{385A8E15-5B04-4BB3-8D73-2866BA3EB6B8}.Debug|Any CPU.Build.0 = Debug|Any CPU
		{385A8E15-5B04-4BB3-8D73-2866BA3EB6B8}.Release|Any CPU.ActiveCfg = Release|Any CPU
		{385A8E15-5B04-4BB3-8D73-2866BA3EB6B8}.Release|Any CPU.Build.0 = Release|Any CPU
		{8EAA1E13-E9EE-49C3-9AEF-4E04738ECBF1}.Debug|Any CPU.ActiveCfg = Debug|Any CPU
		{8EAA1E13-E9EE-49C3-9AEF-4E04738ECBF1}.Debug|Any CPU.Build.0 = Debug|Any CPU
		{8EAA1E13-E9EE-49C3-9AEF-4E04738ECBF1}.Release|Any CPU.ActiveCfg = Release|Any CPU
		{8EAA1E13-E9EE-49C3-9AEF-4E04738ECBF1}.Release|Any CPU.Build.0 = Release|Any CPU
		{3DE4646B-7DAB-4629-AB12-D12F00BEE3FB}.Debug|Any CPU.ActiveCfg = Debug|Any CPU
		{3DE4646B-7DAB-4629-AB12-D12F00BEE3FB}.Debug|Any CPU.Build.0 = Debug|Any CPU
		{3DE4646B-7DAB-4629-AB12-D12F00BEE3FB}.Release|Any CPU.ActiveCfg = Release|Any CPU
		{3DE4646B-7DAB-4629-AB12-D12F00BEE3FB}.Release|Any CPU.Build.0 = Release|Any CPU
		{F82A0444-650F-41CE-A8BA-19303A26D6CA}.Debug|Any CPU.ActiveCfg = Debug|Any CPU
		{F82A0444-650F-41CE-A8BA-19303A26D6CA}.Debug|Any CPU.Build.0 = Debug|Any CPU
		{F82A0444-650F-41CE-A8BA-19303A26D6CA}.Release|Any CPU.ActiveCfg = Release|Any CPU
		{F82A0444-650F-41CE-A8BA-19303A26D6CA}.Release|Any CPU.Build.0 = Release|Any CPU
		{2CEB6D99-D49D-45B7-B913-0C85DE400CF4}.Debug|Any CPU.ActiveCfg = Debug|Any CPU
		{2CEB6D99-D49D-45B7-B913-0C85DE400CF4}.Debug|Any CPU.Build.0 = Debug|Any CPU
		{2CEB6D99-D49D-45B7-B913-0C85DE400CF4}.Release|Any CPU.ActiveCfg = Release|Any CPU
		{2CEB6D99-D49D-45B7-B913-0C85DE400CF4}.Release|Any CPU.Build.0 = Release|Any CPU
		{89486B2D-17A5-4587-A13C-95DE167ABBA4}.Debug|Any CPU.ActiveCfg = Debug|Any CPU
		{89486B2D-17A5-4587-A13C-95DE167ABBA4}.Debug|Any CPU.Build.0 = Debug|Any CPU
		{89486B2D-17A5-4587-A13C-95DE167ABBA4}.Release|Any CPU.ActiveCfg = Release|Any CPU
		{89486B2D-17A5-4587-A13C-95DE167ABBA4}.Release|Any CPU.Build.0 = Release|Any CPU
		{EF0B2623-C579-43A0-AABD-A8C178746A8E}.Debug|Any CPU.ActiveCfg = Debug|Any CPU
		{EF0B2623-C579-43A0-AABD-A8C178746A8E}.Debug|Any CPU.Build.0 = Debug|Any CPU
		{EF0B2623-C579-43A0-AABD-A8C178746A8E}.Release|Any CPU.ActiveCfg = Release|Any CPU
		{EF0B2623-C579-43A0-AABD-A8C178746A8E}.Release|Any CPU.Build.0 = Release|Any CPU
		{EEA87237-96F8-439B-8DE8-FBC2442B4694}.Debug|Any CPU.ActiveCfg = Debug|Any CPU
		{EEA87237-96F8-439B-8DE8-FBC2442B4694}.Debug|Any CPU.Build.0 = Debug|Any CPU
		{EEA87237-96F8-439B-8DE8-FBC2442B4694}.Release|Any CPU.ActiveCfg = Release|Any CPU
		{EEA87237-96F8-439B-8DE8-FBC2442B4694}.Release|Any CPU.Build.0 = Release|Any CPU
		{0B11E219-FF3B-4399-AE22-DC20893369E5}.Debug|Any CPU.ActiveCfg = Debug|Any CPU
		{0B11E219-FF3B-4399-AE22-DC20893369E5}.Debug|Any CPU.Build.0 = Debug|Any CPU
		{0B11E219-FF3B-4399-AE22-DC20893369E5}.Release|Any CPU.ActiveCfg = Release|Any CPU
		{0B11E219-FF3B-4399-AE22-DC20893369E5}.Release|Any CPU.Build.0 = Release|Any CPU
		{2C4B8578-E8E6-44D6-B27C-0D3A8F91DC54}.Debug|Any CPU.ActiveCfg = Debug|Any CPU
		{2C4B8578-E8E6-44D6-B27C-0D3A8F91DC54}.Debug|Any CPU.Build.0 = Debug|Any CPU
		{2C4B8578-E8E6-44D6-B27C-0D3A8F91DC54}.Release|Any CPU.ActiveCfg = Release|Any CPU
		{2C4B8578-E8E6-44D6-B27C-0D3A8F91DC54}.Release|Any CPU.Build.0 = Release|Any CPU
		{8F0E4938-6AB6-47E6-B980-379AE609356E}.Debug|Any CPU.ActiveCfg = Debug|Any CPU
		{8F0E4938-6AB6-47E6-B980-379AE609356E}.Debug|Any CPU.Build.0 = Debug|Any CPU
		{8F0E4938-6AB6-47E6-B980-379AE609356E}.Release|Any CPU.ActiveCfg = Release|Any CPU
		{8F0E4938-6AB6-47E6-B980-379AE609356E}.Release|Any CPU.Build.0 = Release|Any CPU
		{2B7209B0-BCCC-4EBC-84FB-A0B498B7C9C4}.Debug|Any CPU.ActiveCfg = Debug|Any CPU
		{2B7209B0-BCCC-4EBC-84FB-A0B498B7C9C4}.Debug|Any CPU.Build.0 = Debug|Any CPU
		{2B7209B0-BCCC-4EBC-84FB-A0B498B7C9C4}.Release|Any CPU.ActiveCfg = Release|Any CPU
		{2B7209B0-BCCC-4EBC-84FB-A0B498B7C9C4}.Release|Any CPU.Build.0 = Release|Any CPU
		{1FED7BD4-3ABD-4C5C-B671-E3C841FA1BF9}.Debug|Any CPU.ActiveCfg = Debug|Any CPU
		{1FED7BD4-3ABD-4C5C-B671-E3C841FA1BF9}.Debug|Any CPU.Build.0 = Debug|Any CPU
		{1FED7BD4-3ABD-4C5C-B671-E3C841FA1BF9}.Release|Any CPU.ActiveCfg = Release|Any CPU
		{1FED7BD4-3ABD-4C5C-B671-E3C841FA1BF9}.Release|Any CPU.Build.0 = Release|Any CPU
		{0F47B7C6-E422-469E-BF19-BBE9D85862AE}.Debug|Any CPU.ActiveCfg = Debug|Any CPU
		{0F47B7C6-E422-469E-BF19-BBE9D85862AE}.Debug|Any CPU.Build.0 = Debug|Any CPU
		{0F47B7C6-E422-469E-BF19-BBE9D85862AE}.Release|Any CPU.ActiveCfg = Release|Any CPU
		{0F47B7C6-E422-469E-BF19-BBE9D85862AE}.Release|Any CPU.Build.0 = Release|Any CPU
		{7226C21D-34C0-4629-B88F-F219AB139F0A}.Debug|Any CPU.ActiveCfg = Debug|Any CPU
		{7226C21D-34C0-4629-B88F-F219AB139F0A}.Debug|Any CPU.Build.0 = Debug|Any CPU
		{7226C21D-34C0-4629-B88F-F219AB139F0A}.Release|Any CPU.ActiveCfg = Release|Any CPU
		{7226C21D-34C0-4629-B88F-F219AB139F0A}.Release|Any CPU.Build.0 = Release|Any CPU
		{E88BAB1A-5804-46A8-AF71-345BF2BCECEE}.Debug|Any CPU.ActiveCfg = Debug|Any CPU
		{E88BAB1A-5804-46A8-AF71-345BF2BCECEE}.Debug|Any CPU.Build.0 = Debug|Any CPU
		{E88BAB1A-5804-46A8-AF71-345BF2BCECEE}.Release|Any CPU.ActiveCfg = Release|Any CPU
		{E88BAB1A-5804-46A8-AF71-345BF2BCECEE}.Release|Any CPU.Build.0 = Release|Any CPU
		{3932454C-BD25-4C25-BD78-AA3D6C5E05D5}.Debug|Any CPU.ActiveCfg = Debug|Any CPU
		{3932454C-BD25-4C25-BD78-AA3D6C5E05D5}.Debug|Any CPU.Build.0 = Debug|Any CPU
		{3932454C-BD25-4C25-BD78-AA3D6C5E05D5}.Release|Any CPU.ActiveCfg = Release|Any CPU
		{3932454C-BD25-4C25-BD78-AA3D6C5E05D5}.Release|Any CPU.Build.0 = Release|Any CPU
	EndGlobalSection
	GlobalSection(SolutionProperties) = preSolution
		HideSolutionNode = FALSE
	EndGlobalSection
	GlobalSection(ExtensibilityGlobals) = postSolution
		SolutionGuid = {A0C122C7-5653-4CA6-B99D-8AC705AF118F}
	EndGlobalSection
EndGlobal
