
Microsoft Visual Studio Solution File, Format Version 12.00
# Visual Studio Version 17
VisualStudioVersion = 17.2.32630.192
MinimumVisualStudioVersion = 10.0.40219.1
Project("{9A19103F-16F7-4668-BE54-9A1E7A4F7556}") = "R5T.L0069.Construction", "R5T.L0069.Construction\R5T.L0069.Construction.csproj", "{93CC93D0-4EB3-4EE6-9656-D9B0FA6BE7C4}"
EndProject
Project("{9A19103F-16F7-4668-BE54-9A1E7A4F7556}") = "R5T.L0069", "R5T.L0069\R5T.L0069.csproj", "{B536497E-4C5F-4736-BEEB-86685445B734}"
EndProject
Global
	GlobalSection(SolutionConfigurationPlatforms) = preSolution
		Debug|Any CPU = Debug|Any CPU
		Release|Any CPU = Release|Any CPU
	EndGlobalSection
	GlobalSection(ProjectConfigurationPlatforms) = postSolution
		{93CC93D0-4EB3-4EE6-9656-D9B0FA6BE7C4}.Debug|Any CPU.ActiveCfg = Debug|Any CPU
		{93CC93D0-4EB3-4EE6-9656-D9B0FA6BE7C4}.Debug|Any CPU.Build.0 = Debug|Any CPU
		{93CC93D0-4EB3-4EE6-9656-D9B0FA6BE7C4}.Release|Any CPU.ActiveCfg = Release|Any CPU
		{93CC93D0-4EB3-4EE6-9656-D9B0FA6BE7C4}.Release|Any CPU.Build.0 = Release|Any CPU
		{B536497E-4C5F-4736-BEEB-86685445B734}.Debug|Any CPU.ActiveCfg = Debug|Any CPU
		{B536497E-4C5F-4736-BEEB-86685445B734}.Debug|Any CPU.Build.0 = Debug|Any CPU
		{B536497E-4C5F-4736-BEEB-86685445B734}.Release|Any CPU.ActiveCfg = Release|Any CPU
		{B536497E-4C5F-4736-BEEB-86685445B734}.Release|Any CPU.Build.0 = Release|Any CPU
	EndGlobalSection
	GlobalSection(SolutionProperties) = preSolution
		HideSolutionNode = FALSE
	EndGlobalSection
	GlobalSection(ExtensibilityGlobals) = postSolution
		SolutionGuid = {FF4F8263-13DC-4832-866F-E7B38205D99C}
	EndGlobalSection
EndGlobal
